{
  "nodes": {
    "flake-parts": {
      "inputs": {
        "nixpkgs-lib": [
          "nixPatch",
          "neovim-nightly-overlay",
          "nixpkgs"
        ]
      },
      "locked": {
        "lastModified": 1765835352,
        "narHash": "sha256-XswHlK/Qtjasvhd1nOa1e8MgZ8GS//jBoTqWtrS1Giw=",
        "owner": "hercules-ci",
        "repo": "flake-parts",
        "rev": "a34fae9c08a15ad73f295041fec82323541400a9",
        "type": "github"
      },
      "original": {
        "owner": "hercules-ci",
        "repo": "flake-parts",
        "type": "github"
      }
    },
    "neovim-nightly-overlay": {
      "inputs": {
        "flake-parts": "flake-parts",
        "neovim-src": "neovim-src",
        "nixpkgs": [
          "nixPatch",
          "nixpkgs"
        ]
      },
      "locked": {
        "lastModified": 1766189079,
        "narHash": "sha256-K+xdRPIfIE8Xr3JHKNkVNnxPnihrPtW+D1rtcjHx1u4=",
        "owner": "nix-community",
        "repo": "neovim-nightly-overlay",
        "rev": "7e47a8c64312e726aafc0789a5d9043501a7e3ae",
        "type": "github"
      },
      "original": {
        "owner": "nix-community",
        "repo": "neovim-nightly-overlay",
        "type": "github"
      }
    },
    "neovim-src": {
      "flake": false,
      "locked": {
        "lastModified": 1766187129,
        "narHash": "sha256-SqvXXTi+nLihMFhHUT7/1JtNqWk2cMKiCvWxYKE03r8=",
        "owner": "neovim",
        "repo": "neovim",
        "rev": "eac2f0443e032ba238ca6b4a9e2fd6135be454b3",
        "type": "github"
      },
      "original": {
        "owner": "neovim",
        "repo": "neovim",
        "type": "github"
      }
    },
    "nixPatch": {
      "inputs": {
        "neovim-nightly-overlay": "neovim-nightly-overlay",
        "nixpkgs": [
          "nixpkgs"
        ]
      },
      "locked": {
        "lastModified": 1766328071,
        "narHash": "sha256-54zDEm3Y0zzdzKhsnzfv25Z9bPx2g32HKjsKo6pHnwc=",
        "ref": "refs/heads/main",
        "rev": "2e1dabbc3c31b4ec1f04cc998a2502baf37f28e3",
        "shallow": true,
        "type": "git",
        "url": "https://codeberg.org/NicoElbers/nixPatch-nvim"
      },
      "original": {
        "shallow": true,
        "type": "git",
        "url": "https://codeberg.org/NicoElbers/nixPatch-nvim"
      }
    },
    "nixpkgs": {
      "locked": {
        "lastModified": 1766651565,
        "narHash": "sha256-QEhk0eXgyIqTpJ/ehZKg9IKS7EtlWxF3N7DXy42zPfU=",
        "ref": "nixos-unstable",
        "rev": "3e2499d5539c16d0d173ba53552a4ff8547f4539",
        "shallow": true,
        "type": "git",
        "url": "https://mirrors.tuna.tsinghua.edu.cn/git/nixpkgs.git"
      },
      "original": {
        "ref": "nixos-unstable",
        "shallow": true,
        "type": "git",
        "url": "https://mirrors.tuna.tsinghua.edu.cn/git/nixpkgs.git"
      }
    },
    "root": {
      "inputs": {
        "nixPatch": "nixPatch",
        "nixpkgs": "nixpkgs"
      }
    }
  },
  "root": "root",
  "version": 7
}
