{
  "nodes": {
    "flake-parts": {
      "inputs": {
        "nixpkgs-lib": [
          "nixPatch",
          "neovim-nightly-overlay",
          "nixpkgs"
        ]
      },
      "locked": {
        "lastModified": 1772408722,
        "narHash": "sha256-rHuJtdcOjK7rAHpHphUb1iCvgkU3GpfvicLMwwnfMT0=",
        "owner": "hercules-ci",
        "repo": "flake-parts",
        "rev": "f20dc5d9b8027381c474144ecabc9034d6a839a3",
        "type": "github"
      },
      "original": {
        "owner": "hercules-ci",
        "repo": "flake-parts",
        "type": "github"
      }
    },
    "neovim-nightly-overlay": {
      "inputs": {
        "flake-parts": "flake-parts",
        "neovim-src": "neovim-src",
        "nixpkgs": [
          "nixPatch",
          "nixpkgs"
        ]
      },
      "locked": {
        "lastModified": 1774656308,
        "narHash": "sha256-k+L2Q5DtNGkPy+JgfhpTxpngdxy+FVz269iNfCYVy5E=",
        "owner": "nix-community",
        "repo": "neovim-nightly-overlay",
        "rev": "114911d841b928b2b147511bec7121af310d7a23",
        "type": "github"
      },
      "original": {
        "owner": "nix-community",
        "repo": "neovim-nightly-overlay",
        "type": "github"
      }
    },
    "neovim-src": {
      "flake": false,
      "locked": {
        "lastModified": 1774652330,
        "narHash": "sha256-dqlsjRaLgD87D8YaC8842bhYziuRQ2qvTDgQDKL1ttQ=",
        "owner": "neovim",
        "repo": "neovim",
        "rev": "f027f41e2cfba7be8c4841cb1a036827375bbd73",
        "type": "github"
      },
      "original": {
        "owner": "neovim",
        "repo": "neovim",
        "type": "github"
      }
    },
    "nixPatch": {
      "inputs": {
        "neovim-nightly-overlay": "neovim-nightly-overlay",
        "nixpkgs": [
          "nixpkgs"
        ]
      },
      "locked": {
        "lastModified": 1774733999,
        "narHash": "sha256-e0N7flHBIYiIK8fzwvK4GdjzlrRUfTEFdNckVd1zeTI=",
        "ref": "refs/heads/main",
        "rev": "b1c2bedbadffe0be28ce94fc3a605d14ee570d3b",
        "shallow": true,
        "type": "git",
        "url": "https://codeberg.org/NicoElbers/nixPatch-nvim"
      },
      "original": {
        "shallow": true,
        "type": "git",
        "url": "https://codeberg.org/NicoElbers/nixPatch-nvim"
      }
    },
    "nixpkgs": {
      "locked": {
        "lastModified": 1779560665,
        "narHash": "sha256-tpyBcxPpcQb8ukyNF7DoCwfSY3VPsxHoYwj00Cayv5o=",
        "ref": "nixos-unstable",
        "rev": "64c08a7ca051951c8eae34e3e3cb1e202fe36786",
        "shallow": true,
        "type": "git",
        "url": "https://mirrors.tuna.tsinghua.edu.cn/git/nixpkgs.git"
      },
      "original": {
        "ref": "nixos-unstable",
        "shallow": true,
        "type": "git",
        "url": "https://mirrors.tuna.tsinghua.edu.cn/git/nixpkgs.git"
      }
    },
    "root": {
      "inputs": {
        "nixPatch": "nixPatch",
        "nixpkgs": "nixpkgs"
      }
    }
  },
  "root": "root",
  "version": 7
}
