{
  "nodes": {
    "flake-parts": {
      "inputs": {
        "nixpkgs-lib": [
          "nixPatch",
          "neovim-nightly-overlay",
          "nixpkgs"
        ]
      },
      "locked": {
        "lastModified": 1765835352,
        "narHash": "sha256-XswHlK/Qtjasvhd1nOa1e8MgZ8GS//jBoTqWtrS1Giw=",
        "owner": "hercules-ci",
        "repo": "flake-parts",
        "rev": "a34fae9c08a15ad73f295041fec82323541400a9",
        "type": "github"
      },
      "original": {
        "owner": "hercules-ci",
        "repo": "flake-parts",
        "type": "github"
      }
    },
    "neovim-nightly-overlay": {
      "inputs": {
        "flake-parts": "flake-parts",
        "neovim-src": "neovim-src",
        "nixpkgs": [
          "nixPatch",
          "nixpkgs"
        ]
      },
      "locked": {
        "lastModified": 1767398712,
        "narHash": "sha256-kISX2IOmbk+A0xfGsO/ZN8d0QZiL0+PRKdiGM+Uh1Ok=",
        "owner": "nix-community",
        "repo": "neovim-nightly-overlay",
        "rev": "519c66e44d81e2a752759d60320dbd6f06c14437",
        "type": "github"
      },
      "original": {
        "owner": "nix-community",
        "repo": "neovim-nightly-overlay",
        "type": "github"
      }
    },
    "neovim-src": {
      "flake": false,
      "locked": {
        "lastModified": 1767367892,
        "narHash": "sha256-hqHV3mZp3HBpSwIMQLEP24PkRMwd9Ol6ZDtORuryciM=",
        "owner": "neovim",
        "repo": "neovim",
        "rev": "067b5743f543798f4e58003816fc930f4106c2b0",
        "type": "github"
      },
      "original": {
        "owner": "neovim",
        "repo": "neovim",
        "type": "github"
      }
    },
    "nixPatch": {
      "inputs": {
        "neovim-nightly-overlay": "neovim-nightly-overlay",
        "nixpkgs": [
          "nixpkgs"
        ]
      },
      "locked": {
        "lastModified": 1767402313,
        "narHash": "sha256-oC/rsIMcxRksoxx2QxYukCB73g0jL2mE3OObnelsZD0=",
        "ref": "refs/heads/main",
        "rev": "6d2b51c24b34a85aeeb41b11fee10316d6abf12a",
        "shallow": true,
        "type": "git",
        "url": "https://codeberg.org/NicoElbers/nixPatch-nvim"
      },
      "original": {
        "shallow": true,
        "type": "git",
        "url": "https://codeberg.org/NicoElbers/nixPatch-nvim"
      }
    },
    "nixpkgs": {
      "locked": {
        "lastModified": 1768305791,
        "narHash": "sha256-AIdl6WAn9aymeaH/NvBj0H9qM+XuAuYbGMZaP0zcXAQ=",
        "ref": "nixos-unstable",
        "rev": "1412caf7bf9e660f2f962917c14b1ea1c3bc695e",
        "shallow": true,
        "type": "git",
        "url": "https://mirrors.tuna.tsinghua.edu.cn/git/nixpkgs.git"
      },
      "original": {
        "ref": "nixos-unstable",
        "shallow": true,
        "type": "git",
        "url": "https://mirrors.tuna.tsinghua.edu.cn/git/nixpkgs.git"
      }
    },
    "root": {
      "inputs": {
        "nixPatch": "nixPatch",
        "nixpkgs": "nixpkgs"
      }
    }
  },
  "root": "root",
  "version": 7
}
